
Microsoft Visual Studio Solution File, Format Version 12.00
# Visual Studio Version 16
VisualStudioVersion = 16.0.29230.47
MinimumVisualStudioVersion = 10.0.40219.1
Project("{FAE04EC0-301F-11D3-BF4B-00C04F79EFBC}") = "Core-Portfolio-1-Sequence-Kar_Lenner", "Core-Portfolio-1-Sequence-Kar_Lenner\Core-Portfolio-1-Sequence-Kar_Lenner.csproj", "{99130881-FA26-497C-BE8E-7D5263491435}"
EndProject
Global
	GlobalSection(SolutionConfigurationPlatforms) = preSolution
		Debug|Any CPU = Debug|Any CPU
		Release|Any CPU = Release|Any CPU
	EndGlobalSection
	GlobalSection(ProjectConfigurationPlatforms) = postSolution
		{99130881-FA26-497C-BE8E-7D5263491435}.Debug|Any CPU.ActiveCfg = Debug|Any CPU
		{99130881-FA26-497C-BE8E-7D5263491435}.Debug|Any CPU.Build.0 = Debug|Any CPU
		{99130881-FA26-497C-BE8E-7D5263491435}.Release|Any CPU.ActiveCfg = Release|Any CPU
		{99130881-FA26-497C-BE8E-7D5263491435}.Release|Any CPU.Build.0 = Release|Any CPU
	EndGlobalSection
	GlobalSection(SolutionProperties) = preSolution
		HideSolutionNode = FALSE
	EndGlobalSection
	GlobalSection(ExtensibilityGlobals) = postSolution
		SolutionGuid = {F77D111C-4CC4-48A2-89DE-FDFC6C4AA35A}
	EndGlobalSection
EndGlobal
